
Microsoft Visual Studio Solution File, Format Version 12.00
# Visual Studio Version 17
VisualStudioVersion = 17.4.33205.214
MinimumVisualStudioVersion = 10.0.40219.1
Project("{FAE04EC0-301F-11D3-BF4B-00C04F79EFBC}") = "TESTE", "TESTE\TESTE.csproj", "{BEFFFE7F-C454-4232-8040-44650EEE36DD}"
EndProject
Global
	GlobalSection(SolutionConfigurationPlatforms) = preSolution
		Debug|Any CPU = Debug|Any CPU
		Release|Any CPU = Release|Any CPU
	EndGlobalSection
	GlobalSection(ProjectConfigurationPlatforms) = postSolution
		{BEFFFE7F-C454-4232-8040-44650EEE36DD}.Debug|Any CPU.ActiveCfg = Debug|Any CPU
		{BEFFFE7F-C454-4232-8040-44650EEE36DD}.Debug|Any CPU.Build.0 = Debug|Any CPU
		{BEFFFE7F-C454-4232-8040-44650EEE36DD}.Release|Any CPU.ActiveCfg = Release|Any CPU
		{BEFFFE7F-C454-4232-8040-44650EEE36DD}.Release|Any CPU.Build.0 = Release|Any CPU
	EndGlobalSection
	GlobalSection(SolutionProperties) = preSolution
		HideSolutionNode = FALSE
	EndGlobalSection
	GlobalSection(ExtensibilityGlobals) = postSolution
		SolutionGuid = {8ADFA013-7204-4E1C-A9D0-32D09F0E605B}
	EndGlobalSection
EndGlobal
